Microsoft Visual Studio Solution File, Format Version 12.00
# Visual Studio Version 17
VisualStudioVersion = 17.5.2.0
MinimumVisualStudioVersion = 10.0.40219.1
Project("{FAE04EC0-301F-11D3-BF4B-00C04F79EFBC}") = "Assembly-CSharp", "Assembly-CSharp.csproj", "{B4CD19DA-EE08-5225-FB19-1D0DFA4113DD}"
EndProject
Global
	GlobalSection(SolutionConfigurationPlatforms) = preSolution
		Debug|Any CPU = Debug|Any CPU
		Release|Any CPU = Release|Any CPU
	EndGlobalSection
	GlobalSection(ProjectConfigurationPlatforms) = postSolution
		{B4CD19DA-EE08-5225-FB19-1D0DFA4113DD}.Debug|Any CPU.ActiveCfg = Debug|Any CPU
		{B4CD19DA-EE08-5225-FB19-1D0DFA4113DD}.Debug|Any CPU.Build.0 = Debug|Any CPU
		{B4CD19DA-EE08-5225-FB19-1D0DFA4113DD}.Release|Any CPU.ActiveCfg = Release|Any CPU
		{B4CD19DA-EE08-5225-FB19-1D0DFA4113DD}.Release|Any CPU.Build.0 = Release|Any CPU
	EndGlobalSection
	GlobalSection(SolutionProperties) = preSolution
		HideSolutionNode = FALSE
	EndGlobalSection
	GlobalSection(ExtensibilityGlobals) = postSolution
		SolutionGuid = {EB2DC005-1537-49A8-ACA7-6740C770136D}
	EndGlobalSection
EndGlobal
