Microsoft Visual Studio Solution File, Format Version 12.00
# Visual Studio Version 17
VisualStudioVersion = 17.5.2.0
MinimumVisualStudioVersion = 10.0.40219.1
Project("{FAE04EC0-301F-11D3-BF4B-00C04F79EFBC}") = "WMMLootRespawnTweak", "WMMLootRespawnTweak.csproj", "{0C3FA9FB-17BA-CA42-160D-EF8477586610}"
EndProject
Global
	GlobalSection(SolutionConfigurationPlatforms) = preSolution
		Debug|Any CPU = Debug|Any CPU
		Release|Any CPU = Release|Any CPU
	EndGlobalSection
	GlobalSection(ProjectConfigurationPlatforms) = postSolution
		{0C3FA9FB-17BA-CA42-160D-EF8477586610}.Debug|Any CPU.ActiveCfg = Debug|Any CPU
		{0C3FA9FB-17BA-CA42-160D-EF8477586610}.Debug|Any CPU.Build.0 = Debug|Any CPU
		{0C3FA9FB-17BA-CA42-160D-EF8477586610}.Release|Any CPU.ActiveCfg = Release|Any CPU
		{0C3FA9FB-17BA-CA42-160D-EF8477586610}.Release|Any CPU.Build.0 = Release|Any CPU
	EndGlobalSection
	GlobalSection(SolutionProperties) = preSolution
		HideSolutionNode = FALSE
	EndGlobalSection
	GlobalSection(ExtensibilityGlobals) = postSolution
		SolutionGuid = {4BF002CA-175D-4BA4-9290-F662087B13AA}
	EndGlobalSection
EndGlobal
